
Microsoft Visual Studio Solution File, Format Version 12.00
# Visual Studio Version 17
VisualStudioVersion = 17.7.34202.233
MinimumVisualStudioVersion = 10.0.40219.1
Project("{8BC9CEB8-8B4A-11D0-8D11-00A0C91BC942}") = "Project2", "Project2\Project2.vcxproj", "{7ECF625F-5EE3-4CCC-A7C5-CF335C14D434}"
EndProject
Global
	GlobalSection(SolutionConfigurationPlatforms) = preSolution
		Debug|x64 = Debug|x64
		Debug|x86 = Debug|x86
		Release|x64 = Release|x64
		Release|x86 = Release|x86
	EndGlobalSection
	GlobalSection(ProjectConfigurationPlatforms) = postSolution
		{7ECF625F-5EE3-4CCC-A7C5-CF335C14D434}.Debug|x64.ActiveCfg = Debug|x64
		{7ECF625F-5EE3-4CCC-A7C5-CF335C14D434}.Debug|x64.Build.0 = Debug|x64
		{7ECF625F-5EE3-4CCC-A7C5-CF335C14D434}.Debug|x86.ActiveCfg = Debug|Win32
		{7ECF625F-5EE3-4CCC-A7C5-CF335C14D434}.Debug|x86.Build.0 = Debug|Win32
		{7ECF625F-5EE3-4CCC-A7C5-CF335C14D434}.Release|x64.ActiveCfg = Release|x64
		{7ECF625F-5EE3-4CCC-A7C5-CF335C14D434}.Release|x64.Build.0 = Release|x64
		{7ECF625F-5EE3-4CCC-A7C5-CF335C14D434}.Release|x86.ActiveCfg = Release|Win32
		{7ECF625F-5EE3-4CCC-A7C5-CF335C14D434}.Release|x86.Build.0 = Release|Win32
	EndGlobalSection
	GlobalSection(SolutionProperties) = preSolution
		HideSolutionNode = FALSE
	EndGlobalSection
	GlobalSection(ExtensibilityGlobals) = postSolution
		SolutionGuid = {9127C937-ADC0-48E4-B3DC-DBCDBCF67E8F}
	EndGlobalSection
EndGlobal
